
Microsoft Visual Studio Solution File, Format Version 12.00
# Visual Studio Version 17
VisualStudioVersion = 17.13.36105.23 d17.13
MinimumVisualStudioVersion = 10.0.40219.1
Project("{FAE04EC0-301F-11D3-BF4B-00C04F79EFBC}") = "HighThroughputApi", "HighThroughputApi.csproj", "{8C3CAAC9-3538-44DF-BBA2-FA7F670A3892}"
EndProject
Global
	GlobalSection(SolutionConfigurationPlatforms) = preSolution
		Debug|Any CPU = Debug|Any CPU
		Release|Any CPU = Release|Any CPU
	EndGlobalSection
	GlobalSection(ProjectConfigurationPlatforms) = postSolution
		{8C3CAAC9-3538-44DF-BBA2-FA7F670A3892}.Debug|Any CPU.ActiveCfg = Debug|Any CPU
		{8C3CAAC9-3538-44DF-BBA2-FA7F670A3892}.Debug|Any CPU.Build.0 = Debug|Any CPU
		{8C3CAAC9-3538-44DF-BBA2-FA7F670A3892}.Release|Any CPU.ActiveCfg = Release|Any CPU
		{8C3CAAC9-3538-44DF-BBA2-FA7F670A3892}.Release|Any CPU.Build.0 = Release|Any CPU
	EndGlobalSection
	GlobalSection(SolutionProperties) = preSolution
		HideSolutionNode = FALSE
	EndGlobalSection
	GlobalSection(ExtensibilityGlobals) = postSolution
		SolutionGuid = {36B52254-8047-410A-B967-71000C7F1187}
	EndGlobalSection
EndGlobal
